{
  "version": 4,
  "terraform_version": "0.13.7",
  "serial": 14,
  "lineage": "f7e7d411-673f-6122-44aa-e7ed23f207f1",
  "outputs": {
    "google_calendar_api_key__encrypted_apikey": {
      "value": "AIzaSyBot2ymMBuHhq1wUcAPoA29IO1DxZvUiZc",
      "type": "string"
    },
    "google_calendar_api_key__id": {
      "value": "projects/traveloka-testing-calendar-api/locations/global/keys/some-unique-name",
      "type": "string"
    },
    "google_calendar_api_key__uid": {
      "value": "d4f869dc-3cb6-49cf-b3bf-f60a89f9aea9",
      "type": "string"
    },
    "google_project_id": {
      "value": "traveloka-testing-calendar-api",
      "type": "string"
    },
    "google_project_number": {
      "value": "997581467976",
      "type": "string"
    },
    "terraform_google_temporary_auth_token": {
      "value": "ya29.a0AfB_byDIPm_Sp8zH4oJIjl2Qd2lcO909x3kqAxvp1YAXJvPMFvBOIvjayf35M46g49mExjr2ydaoclEng7oDLDowZoKqM1hBKnKIlm26MF0JEgBnY-2I8oHlvKu-2oqOqalJo5ozjKKWN5v1Mku_--nBljTi88HuD6i8TLDWbQaCgYKAQkSARMSFQGOcNnCpBoNrM4pSvABeYMaYqyDVA0177",
      "type": "string"
    }
  },
  "resources": [
    {
      "mode": "data",
      "type": "external",
      "name": "gcloud_auth_token",
      "provider": "provider[\"registry.terraform.io/hashicorp/external\"]",
      "instances": [
        {
          "schema_version": 0,
          "attributes": {
            "id": "-",
            "program": [
              "sh",
              "./gcloud-token.sh"
            ],
            "query": {},
            "result": {
              "token": "ya29.a0AfB_byDIPm_Sp8zH4oJIjl2Qd2lcO909x3kqAxvp1YAXJvPMFvBOIvjayf35M46g49mExjr2ydaoclEng7oDLDowZoKqM1hBKnKIlm26MF0JEgBnY-2I8oHlvKu-2oqOqalJo5ozjKKWN5v1Mku_--nBljTi88HuD6i8TLDWbQaCgYKAQkSARMSFQGOcNnCpBoNrM4pSvABeYMaYqyDVA0177"
            },
            "working_dir": null
          }
        }
      ]
    },
    {
      "mode": "data",
      "type": "google_project",
      "name": "project",
      "provider": "provider[\"registry.terraform.io/hashicorp/google\"]",
      "instances": [
        {
          "schema_version": 0,
          "attributes": {
            "auto_create_network": null,
            "billing_account": null,
            "effective_labels": {},
            "folder_id": null,
            "id": "projects/traveloka-testing-calendar-api",
            "labels": {},
            "name": "Traveloka Testing Calendar API",
            "number": "997581467976",
            "org_id": null,
            "project_id": "traveloka-testing-calendar-api",
            "skip_delete": null,
            "terraform_labels": {}
          }
        }
      ]
    },
    {
      "mode": "managed",
      "type": "google_apikeys_key",
      "name": "google_calendar_api_key",
      "provider": "provider[\"registry.terraform.io/hashicorp/google\"]",
      "instances": [
        {
          "schema_version": 0,
          "attributes": {
            "display_name": "Google Calendar API Key",
            "id": "projects/traveloka-testing-calendar-api/locations/global/keys/some-unique-name",
            "key_string": "AIzaSyBot2ymMBuHhq1wUcAPoA29IO1DxZvUiZc",
            "name": "some-unique-name",
            "project": "traveloka-testing-calendar-api",
            "restrictions": [
              {
                "android_key_restrictions": [],
                "api_targets": [
                  {
                    "methods": [],
                    "service": "calendar-json.googleapis.com"
                  }
                ],
                "browser_key_restrictions": [],
                "ios_key_restrictions": [],
                "server_key_restrictions": []
              }
            ],
            "timeouts": {
              "create": null,
              "delete": null,
              "update": null
            },
            "uid": "d4f869dc-3cb6-49cf-b3bf-f60a89f9aea9"
          },
          "private": "eyJlMmJmYjczMC1lY2FhLTExZTYtOGY4OC0zNDM2M2JjN2M0YzAiOnsiY3JlYXRlIjoxMjAwMDAwMDAwMDAwLCJkZWxldGUiOjEyMDAwMDAwMDAwMDAsInVwZGF0ZSI6MTIwMDAwMDAwMDAwMH19",
          "dependencies": [
            "data.external.gcloud_auth_token",
            "data.google_project.project"
          ]
        }
      ]
    },
    {
      "mode": "managed",
      "type": "google_project_service",
      "name": "places_backend_googleapis_com",
      "provider": "provider[\"registry.terraform.io/hashicorp/google\"]",
      "instances": [
        {
          "schema_version": 0,
          "attributes": {
            "disable_dependent_services": null,
            "disable_on_destroy": true,
            "id": "traveloka-testing-calendar-api/calendar-json.googleapis.com",
            "project": "traveloka-testing-calendar-api",
            "service": "calendar-json.googleapis.com",
            "timeouts": null
          },
          "private": "eyJlMmJmYjczMC1lY2FhLTExZTYtOGY4OC0zNDM2M2JjN2M0YzAiOnsiY3JlYXRlIjoxMjAwMDAwMDAwMDAwLCJkZWxldGUiOjEyMDAwMDAwMDAwMDAsInJlYWQiOjYwMDAwMDAwMDAwMCwidXBkYXRlIjoxMjAwMDAwMDAwMDAwfX0=",
          "dependencies": [
            "data.external.gcloud_auth_token"
          ]
        }
      ]
    }
  ]
}
